// !$*UTF8*$!
{
	archiveVersion = 1;
	classes = {
	};
	objectVersion = 46;
	objects = {

/* Begin PBXBuildFile section */
		FD200F8F1F2F8FBE0029574E /* AppDelegate.swift in Sources */ = {isa = PBXBuildFile; fileRef = FD200F8E1F2F8FBE0029574E /* AppDelegate.swift */; };
		FD200F941F2F8FBE0029574E /* Main.storyboard in Resources */ = {isa = PBXBuildFile; fileRef = FD200F921F2F8FBE0029574E /* Main.storyboard */; };
		FD200F961F2F8FBE0029574E /* Assets.xcassets in Resources */ = {isa = PBXBuildFile; fileRef = FD200F951F2F8FBE0029574E /* Assets.xcassets */; };
		FD200F991F2F8FBE0029574E /* LaunchScreen.storyboard in Resources */ = {isa = PBXBuildFile; fileRef = FD200F971F2F8FBE0029574E /* LaunchScreen.storyboard */; };
		FD200FA11F2F8FD90029574E /* MainViewController.swift in Sources */ = {isa = PBXBuildFile; fileRef = FD200FA01F2F8FD90029574E /* MainViewController.swift */; };
		FD200FA31F2F902B0029574E /* NetworkController.swift in Sources */ = {isa = PBXBuildFile; fileRef = FD200FA21F2F902B0029574E /* NetworkController.swift */; };
		FD200FA51F2F90F80029574E /* Source.swift in Sources */ = {isa = PBXBuildFile; fileRef = FD200FA41F2F90F80029574E /* Source.swift */; };
		FD200FA71F2F94C50029574E /* SourceController.swift in Sources */ = {isa = PBXBuildFile; fileRef = FD200FA61F2F94C50029574E /* SourceController.swift */; };
		FD200FAC1F2FA9A20029574E /* SourceCollectionViewCell.swift in Sources */ = {isa = PBXBuildFile; fileRef = FD200FAB1F2FA9A20029574E /* SourceCollectionViewCell.swift */; };
		FD200FAF1F2FB9D50029574E /* Article.swift in Sources */ = {isa = PBXBuildFile; fileRef = FD200FAE1F2FB9D50029574E /* Article.swift */; };
		FD200FB11F2FBBC80029574E /* ArticleController.swift in Sources */ = {isa = PBXBuildFile; fileRef = FD200FB01F2FBBC80029574E /* ArticleController.swift */; };
/* End PBXBuildFile section */

/* Begin PBXFileReference section */
		FD200F8B1F2F8FBE0029574E /* ISR.app */ = {isa = PBXFileReference; explicitFileType = wrapper.application; includeInIndex = 0; path = ISR.app; sourceTree = BUILT_PRODUCTS_DIR; };
		FD200F8E1F2F8FBE0029574E /* AppDelegate.swift */ = {isa = PBXFileReference; lastKnownFileType = sourcecode.swift; path = AppDelegate.swift; sourceTree = "<group>"; };
		FD200F931F2F8FBE0029574E /* Base */ = {isa = PBXFileReference; lastKnownFileType = file.storyboard; name = Base; path = Base.lproj/Main.storyboard; sourceTree = "<group>"; };
		FD200F951F2F8FBE0029574E /* Assets.xcassets */ = {isa = PBXFileReference; lastKnownFileType = folder.assetcatalog; path = Assets.xcassets; sourceTree = "<group>"; };
		FD200F981F2F8FBE0029574E /* Base */ = {isa = PBXFileReference; lastKnownFileType = file.storyboard; name = Base; path = Base.lproj/LaunchScreen.storyboard; sourceTree = "<group>"; };
		FD200F9A1F2F8FBE0029574E /* Info.plist */ = {isa = PBXFileReference; lastKnownFileType = text.plist.xml; path = Info.plist; sourceTree = "<group>"; };
		FD200FA01F2F8FD90029574E /* MainViewController.swift */ = {isa = PBXFileReference; fileEncoding = 4; lastKnownFileType = sourcecode.swift; name = MainViewController.swift; path = ../MainViewController.swift; sourceTree = "<group>"; };
		FD200FA21F2F902B0029574E /* NetworkController.swift */ = {isa = PBXFileReference; fileEncoding = 4; lastKnownFileType = sourcecode.swift; path = NetworkController.swift; sourceTree = "<group>"; };
		FD200FA41F2F90F80029574E /* Source.swift */ = {isa = PBXFileReference; fileEncoding = 4; lastKnownFileType = sourcecode.swift; path = Source.swift; sourceTree = "<group>"; };
		FD200FA61F2F94C50029574E /* SourceController.swift */ = {isa = PBXFileReference; fileEncoding = 4; lastKnownFileType = sourcecode.swift; path = SourceController.swift; sourceTree = "<group>"; };
		FD200FAB1F2FA9A20029574E /* SourceCollectionViewCell.swift */ = {isa = PBXFileReference; fileEncoding = 4; lastKnownFileType = sourcecode.swift; path = SourceCollectionViewCell.swift; sourceTree = "<group>"; };
		FD200FAE1F2FB9D50029574E /* Article.swift */ = {isa = PBXFileReference; fileEncoding = 4; lastKnownFileType = sourcecode.swift; path = Article.swift; sourceTree = "<group>"; };
		FD200FB01F2FBBC80029574E /* ArticleController.swift */ = {isa = PBXFileReference; fileEncoding = 4; lastKnownFileType = sourcecode.swift; path = ArticleController.swift; sourceTree = "<group>"; };
/* End PBXFileReference section */

/* Begin PBXFrameworksBuildPhase section */
		FD200F881F2F8FBE0029574E /* Frameworks */ = {
			isa = PBXFrameworksBuildPhase;
			buildActionMask = 2147483647;
			files = (
			);
			runOnlyForDeploymentPostprocessing = 0;
		};
/* End PBXFrameworksBuildPhase section */

/* Begin PBXGroup section */
		FD200F821F2F8FBE0029574E = {
			isa = PBXGroup;
			children = (
				FD200F8D1F2F8FBE0029574E /* ISR */,
				FD200F8C1F2F8FBE0029574E /* Products */,
			);
			sourceTree = "<group>";
		};
		FD200F8C1F2F8FBE0029574E /* Products */ = {
			isa = PBXGroup;
			children = (
				FD200F8B1F2F8FBE0029574E /* ISR.app */,
			);
			name = Products;
			sourceTree = "<group>";
		};
		FD200F8D1F2F8FBE0029574E /* ISR */ = {
			isa = PBXGroup;
			children = (
				FD200FA81F2FA7BB0029574E /* Model */,
				FD200FAD1F2FA9A90029574E /* View */,
				FD200FA91F2FA7C10029574E /* Model Controller */,
				FD200FAA1F2FA7C80029574E /* View Controller */,
				FD200FA21F2F902B0029574E /* NetworkController.swift */,
				FD200F8E1F2F8FBE0029574E /* AppDelegate.swift */,
				FD200F951F2F8FBE0029574E /* Assets.xcassets */,
				FD200F921F2F8FBE0029574E /* Main.storyboard */,
				FD200F971F2F8FBE0029574E /* LaunchScreen.storyboard */,
				FD200F9A1F2F8FBE0029574E /* Info.plist */,
			);
			path = ISR;
			sourceTree = "<group>";
		};
		FD200FA81F2FA7BB0029574E /* Model */ = {
			isa = PBXGroup;
			children = (
				FD200FA41F2F90F80029574E /* Source.swift */,
				FD200FAE1F2FB9D50029574E /* Article.swift */,
			);
			name = Model;
			sourceTree = "<group>";
		};
		FD200FA91F2FA7C10029574E /* Model Controller */ = {
			isa = PBXGroup;
			children = (
				FD200FA61F2F94C50029574E /* SourceController.swift */,
				FD200FB01F2FBBC80029574E /* ArticleController.swift */,
			);
			name = "Model Controller";
			sourceTree = "<group>";
		};
		FD200FAA1F2FA7C80029574E /* View Controller */ = {
			isa = PBXGroup;
			children = (
				FD200FA01F2F8FD90029574E /* MainViewController.swift */,
			);
			name = "View Controller";
			sourceTree = "<group>";
		};
		FD200FAD1F2FA9A90029574E /* View */ = {
			isa = PBXGroup;
			children = (
				FD200FAB1F2FA9A20029574E /* SourceCollectionViewCell.swift */,
			);
			name = View;
			sourceTree = "<group>";
		};
/* End PBXGroup section */

/* Begin PBXNativeTarget section */
		FD200F8A1F2F8FBE0029574E /* ISR */ = {
			isa = PBXNativeTarget;
			buildConfigurationList = FD200F9D1F2F8FBE0029574E /* Build configuration list for PBXNativeTarget "ISR" */;
			buildPhases = (
				FD200F871F2F8FBE0029574E /* Sources */,
				FD200F881F2F8FBE0029574E /* Frameworks */,
				FD200F891F2F8FBE0029574E /* Resources */,
			);
			buildRules = (
			);
			dependencies = (
			);
			name = ISR;
			productName = ISR;
			productReference = FD200F8B1F2F8FBE0029574E /* ISR.app */;
			productType = "com.apple.product-type.application";
		};
/* End PBXNativeTarget section */

/* Begin PBXProject section */
		FD200F831F2F8FBE0029574E /* Project object */ = {
			isa = PBXProject;
			attributes = {
				LastSwiftUpdateCheck = 0830;
				LastUpgradeCheck = 0830;
				ORGANIZATIONNAME = Sohail;
				TargetAttributes = {
					FD200F8A1F2F8FBE0029574E = {
						CreatedOnToolsVersion = 8.3.3;
						DevelopmentTeam = XFHGVA942A;
						ProvisioningStyle = Automatic;
					};
				};
			};
			buildConfigurationList = FD200F861F2F8FBE0029574E /* Build configuration list for PBXProject "ISR" */;
			compatibilityVersion = "Xcode 3.2";
			developmentRegion = English;
			hasScannedForEncodings = 0;
			knownRegions = (
				en,
				Base,
			);
			mainGroup = FD200F821F2F8FBE0029574E;
			productRefGroup = FD200F8C1F2F8FBE0029574E /* Products */;
			projectDirPath = "";
			projectRoot = "";
			targets = (
				FD200F8A1F2F8FBE0029574E /* ISR */,
			);
		};
/* End PBXProject section */

/* Begin PBXResourcesBuildPhase section */
		FD200F891F2F8FBE0029574E /* Resources */ = {
			isa = PBXResourcesBuildPhase;
			buildActionMask = 2147483647;
			files = (
				FD200F991F2F8FBE0029574E /* LaunchScreen.storyboard in Resources */,
				FD200F961F2F8FBE0029574E /* Assets.xcassets in Resources */,
				FD200F941F2F8FBE0029574E /* Main.storyboard in Resources */,
			);
			runOnlyForDeploymentPostprocessing = 0;
		};
/* End PBXResourcesBuildPhase section */

/* Begin PBXSourcesBuildPhase section */
		FD200F871F2F8FBE0029574E /* Sources */ = {
			isa = PBXSourcesBuildPhase;
			buildActionMask = 2147483647;
			files = (
				FD200FAF1F2FB9D50029574E /* Article.swift in Sources */,
				FD200FA71F2F94C50029574E /* SourceController.swift in Sources */,
				FD200FB11F2FBBC80029574E /* ArticleController.swift in Sources */,
				FD200FA51F2F90F80029574E /* Source.swift in Sources */,
				FD200F8F1F2F8FBE0029574E /* AppDelegate.swift in Sources */,
				FD200FAC1F2FA9A20029574E /* SourceCollectionViewCell.swift in Sources */,
				FD200FA11F2F8FD90029574E /* MainViewController.swift in Sources */,
				FD200FA31F2F902B0029574E /* NetworkController.swift in Sources */,
			);
			runOnlyForDeploymentPostprocessing = 0;
		};
/* End PBXSourcesBuildPhase section */

/* Begin PBXVariantGroup section */
		FD200F921F2F8FBE0029574E /* Main.storyboard */ = {
			isa = PBXVariantGroup;
			children = (
				FD200F931F2F8FBE0029574E /* Base */,
			);
			name = Main.storyboard;
			sourceTree = "<group>";
		};
		FD200F971F2F8FBE0029574E /* LaunchScreen.storyboard */ = {
			isa = PBXVariantGroup;
			children = (
				FD200F981F2F8FBE0029574E /* Base */,
			);
			name = LaunchScreen.storyboard;
			sourceTree = "<group>";
		};
/* End PBXVariantGroup section */

/* Begin XCBuildConfiguration section */
		FD200F9B1F2F8FBE0029574E /* Debug */ = {
			isa = XCBuildConfiguration;
			buildSettings = {
				ALWAYS_SEARCH_USER_PATHS = NO;
				CLANG_ANALYZER_NONNULL = YES;
				CLANG_ANALYZER_NUMBER_OBJECT_CONVERSION = YES_AGGRESSIVE;
				CLANG_CXX_LANGUAGE_STANDARD = "gnu++0x";
				CLANG_CXX_LIBRARY = "libc++";
				CLANG_ENABLE_MODULES = YES;
				CLANG_ENABLE_OBJC_ARC = YES;
				CLANG_WARN_BOOL_CONVERSION = YES;
				CLANG_WARN_CONSTANT_CONVERSION = YES;
				CLANG_WARN_DIRECT_OBJC_ISA_USAGE = YES_ERROR;
				CLANG_WARN_DOCUMENTATION_COMMENTS = YES;
				CLANG_WARN_EMPTY_BODY = YES;
				CLANG_WARN_ENUM_CONVERSION = YES;
				CLANG_WARN_INFINITE_RECURSION = YES;
				CLANG_WARN_INT_CONVERSION = YES;
				CLANG_WARN_OBJC_ROOT_CLASS = YES_ERROR;
				CLANG_WARN_SUSPICIOUS_MOVE = YES;
				CLANG_WARN_UNREACHABLE_CODE = YES;
				CLANG_WARN__DUPLICATE_METHOD_MATCH = YES;
				"CODE_SIGN_IDENTITY[sdk=iphoneos*]" = "iPhone Developer";
				COPY_PHASE_STRIP = NO;
				DEBUG_INFORMATION_FORMAT = dwarf;
				ENABLE_STRICT_OBJC_MSGSEND = YES;
				ENABLE_TESTABILITY = YES;
				GCC_C_LANGUAGE_STANDARD = gnu99;
				GCC_DYNAMIC_NO_PIC = NO;
				GCC_NO_COMMON_BLOCKS = YES;
				GCC_OPTIMIZATION_LEVEL = 0;
				GCC_PREPROCESSOR_DEFINITIONS = (
					"DEBUG=1",
					"$(inherited)",
				);
				GCC_WARN_64_TO_32_BIT_CONVERSION = YES;
				GCC_WARN_ABOUT_RETURN_TYPE = YES_ERROR;
				GCC_WARN_UNDECLARED_SELECTOR = YES;
				GCC_WARN_UNINITIALIZED_AUTOS = YES_AGGRESSIVE;
				GCC_WARN_UNUSED_FUNCTION = YES;
				GCC_WARN_UNUSED_VARIABLE = YES;
				IPHONEOS_DEPLOYMENT_TARGET = 10.3;
				MTL_ENABLE_DEBUG_INFO = YES;
				ONLY_ACTIVE_ARCH = YES;
				SDKROOT = iphoneos;
				SWIFT_ACTIVE_COMPILATION_CONDITIONS = DEBUG;
				SWIFT_OPTIMIZATION_LEVEL = "-Onone";
			};
			name = Debug;
		};
		FD200F9C1F2F8FBE0029574E /* Release */ = {
			isa = XCBuildConfiguration;
			buildSettings = {
				ALWAYS_SEARCH_USER_PATHS = NO;
				CLANG_ANALYZER_NONNULL = YES;
				CLANG_ANALYZER_NUMBER_OBJECT_CONVERSION = YES_AGGRESSIVE;
				CLANG_CXX_LANGUAGE_STANDARD = "gnu++0x";
				CLANG_CXX_LIBRARY = "libc++";
				CLANG_ENABLE_MODULES = YES;
				CLANG_ENABLE_OBJC_ARC = YES;
				CLANG_WARN_BOOL_CONVERSION = YES;
				CLANG_WARN_CONSTANT_CONVERSION = YES;
				CLANG_WARN_DIRECT_OBJC_ISA_USAGE = YES_ERROR;
				CLANG_WARN_DOCUMENTATION_COMMENTS = YES;
				CLANG_WARN_EMPTY_BODY = YES;
				CLANG_WARN_ENUM_CONVERSION = YES;
				CLANG_WARN_INFINITE_RECURSION = YES;
				CLANG_WARN_INT_CONVERSION = YES;
				CLANG_WARN_OBJC_ROOT_CLASS = YES_ERROR;
				CLANG_WARN_SUSPICIOUS_MOVE = YES;
				CLANG_WARN_UNREACHABLE_CODE = YES;
				CLANG_WARN__DUPLICATE_METHOD_MATCH = YES;
				"CODE_SIGN_IDENTITY[sdk=iphoneos*]" = "iPhone Developer";
				COPY_PHASE_STRIP = NO;
				DEBUG_INFORMATION_FORMAT = "dwarf-with-dsym";
				ENABLE_NS_ASSERTIONS = NO;
				ENABLE_STRICT_OBJC_MSGSEND = YES;
				GCC_C_LANGUAGE_STANDARD = gnu99;
				GCC_NO_COMMON_BLOCKS = YES;
				GCC_WARN_64_TO_32_BIT_CONVERSION = YES;
				GCC_WARN_ABOUT_RETURN_TYPE = YES_ERROR;
				GCC_WARN_UNDECLARED_SELECTOR = YES;
				GCC_WARN_UNINITIALIZED_AUTOS = YES_AGGRESSIVE;
				GCC_WARN_UNUSED_FUNCTION = YES;
				GCC_WARN_UNUSED_VARIABLE = YES;
				IPHONEOS_DEPLOYMENT_TARGET = 10.3;
				MTL_ENABLE_DEBUG_INFO = NO;
				SDKROOT = iphoneos;
				SWIFT_OPTIMIZATION_LEVEL = "-Owholemodule";
				VALIDATE_PRODUCT = YES;
			};
			name = Release;
		};
		FD200F9E1F2F8FBE0029574E /* Debug */ = {
			isa = XCBuildConfiguration;
			buildSettings = {
				ASSETCATALOG_COMPILER_APPICON_NAME = AppIcon;
				DEVELOPMENT_TEAM = XFHGVA942A;
				INFOPLIST_FILE = ISR/Info.plist;
				LD_RUNPATH_SEARCH_PATHS = "$(inherited) @executable_path/Frameworks";
				PRODUCT_BUNDLE_IDENTIFIER = Sohail.ISR;
				PRODUCT_NAME = "$(TARGET_NAME)";
				SWIFT_VERSION = 3.0;
			};
			name = Debug;
		};
		FD200F9F1F2F8FBE0029574E /* Release */ = {
			isa = XCBuildConfiguration;
			buildSettings = {
				ASSETCATALOG_COMPILER_APPICON_NAME = AppIcon;
				DEVELOPMENT_TEAM = XFHGVA942A;
				INFOPLIST_FILE = ISR/Info.plist;
				LD_RUNPATH_SEARCH_PATHS = "$(inherited) @executable_path/Frameworks";
				PRODUCT_BUNDLE_IDENTIFIER = Sohail.ISR;
				PRODUCT_NAME = "$(TARGET_NAME)";
				SWIFT_VERSION = 3.0;
			};
			name = Release;
		};
/* End XCBuildConfiguration section */

/* Begin XCConfigurationList section */
		FD200F861F2F8FBE0029574E /* Build configuration list for PBXProject "ISR" */ = {
			isa = XCConfigurationList;
			buildConfigurations = (
				FD200F9B1F2F8FBE0029574E /* Debug */,
				FD200F9C1F2F8FBE0029574E /* Release */,
			);
			defaultConfigurationIsVisible = 0;
			defaultConfigurationName = Release;
		};
		FD200F9D1F2F8FBE0029574E /* Build configuration list for PBXNativeTarget "ISR" */ = {
			isa = XCConfigurationList;
			buildConfigurations = (
				FD200F9E1F2F8FBE0029574E /* Debug */,
				FD200F9F1F2F8FBE0029574E /* Release */,
			);
			defaultConfigurationIsVisible = 0;
		};
/* End XCConfigurationList section */
	};
	rootObject = FD200F831F2F8FBE0029574E /* Project object */;
}
